
Microsoft Visual Studio Solution File, Format Version 12.00
# Visual Studio Version 16
VisualStudioVersion = 16.0.32106.194
MinimumVisualStudioVersion = 10.0.40219.1
Project("{FAE04EC0-301F-11D3-BF4B-00C04F79EFBC}") = "api-productos", "api-productos\api-productos.csproj", "{3E743757-1230-41F5-95B1-3DB9244715C2}"
EndProject
Global
	GlobalSection(SolutionConfigurationPlatforms) = preSolution
		Debug|Any CPU = Debug|Any CPU
		Release|Any CPU = Release|Any CPU
	EndGlobalSection
	GlobalSection(ProjectConfigurationPlatforms) = postSolution
		{3E743757-1230-41F5-95B1-3DB9244715C2}.Debug|Any CPU.ActiveCfg = Debug|Any CPU
		{3E743757-1230-41F5-95B1-3DB9244715C2}.Debug|Any CPU.Build.0 = Debug|Any CPU
		{3E743757-1230-41F5-95B1-3DB9244715C2}.Release|Any CPU.ActiveCfg = Release|Any CPU
		{3E743757-1230-41F5-95B1-3DB9244715C2}.Release|Any CPU.Build.0 = Release|Any CPU
	EndGlobalSection
	GlobalSection(SolutionProperties) = preSolution
		HideSolutionNode = FALSE
	EndGlobalSection
	GlobalSection(ExtensibilityGlobals) = postSolution
		SolutionGuid = {48C6DDB4-39FB-488E-BC05-9E3F765AD3B9}
	EndGlobalSection
EndGlobal
